{
  "name": "package",
  "version": "1.0.0",
  "lockfileVersion": 2,
  "requires": true,
  "packages": {
    "": {
      "name": "package",
      "version": "1.0.0",
      "license": "ISC",
      "dependencies": {
        "concurrently": "^7.0.0",
        "vue-router": "^4.0.12"
      }
    },
    "node_modules/@babel/parser": {
      "version": "7.17.3",
      "resolved": "https://registry.npmjs.org/@babel/parser/-/parser-7.17.3.tgz",
      "integrity": "sha512-7yJPvPV+ESz2IUTPbOL+YkIGyCqOyNIzdguKQuJGnH7bg1WTIifuM21YqokFt/THWh1AkCRn9IgoykTRCBVpzA==",
      "peer": true,
      "bin": {
        "parser": "bin/babel-parser.js"
      },
      "engines": {
        "node": ">=6.0.0"
      }
    },
    "node_modules/@vue/compiler-core": {
      "version": "3.2.31",
      "resolved": "https://registry.npmjs.org/@vue/compiler-core/-/compiler-core-3.2.31.tgz",
      "integrity": "sha512-aKno00qoA4o+V/kR6i/pE+aP+esng5siNAVQ422TkBNM6qA4veXiZbSe8OTXHXquEi/f6Akc+nLfB4JGfe4/WQ==",
      "peer": true,
      "dependencies": {
        "@babel/parser": "^7.16.4",
        "@vue/shared": "3.2.31",
        "estree-walker": "^2.0.2",
        "source-map": "^0.6.1"
      }
    },
    "node_modules/@vue/compiler-dom": {
      "version": "3.2.31",
      "resolved": "https://registry.npmjs.org/@vue/compiler-dom/-/compiler-dom-3.2.31.tgz",
      "integrity": "sha512-60zIlFfzIDf3u91cqfqy9KhCKIJgPeqxgveH2L+87RcGU/alT6BRrk5JtUso0OibH3O7NXuNOQ0cDc9beT0wrg==",
      "peer": true,
      "dependencies": {
        "@vue/compiler-core": "3.2.31",
        "@vue/shared": "3.2.31"
      }
    },
    "node_modules/@vue/compiler-sfc": {
      "version": "3.2.31",
      "resolved": "https://registry.npmjs.org/@vue/compiler-sfc/-/compiler-sfc-3.2.31.tgz",
      "integrity": "sha512-748adc9msSPGzXgibHiO6T7RWgfnDcVQD+VVwYgSsyyY8Ans64tALHZANrKtOzvkwznV/F4H7OAod/jIlp/dkQ==",
      "peer": true,
      "dependencies": {
        "@babel/parser": "^7.16.4",
        "@vue/compiler-core": "3.2.31",
        "@vue/compiler-dom": "3.2.31",
        "@vue/compiler-ssr": "3.2.31",
        "@vue/reactivity-transform": "3.2.31",
        "@vue/shared": "3.2.31",
        "estree-walker": "^2.0.2",
        "magic-string": "^0.25.7",
        "postcss": "^8.1.10",
        "source-map": "^0.6.1"
      }
    },
    "node_modules/@vue/compiler-ssr": {
      "version": "3.2.31",
      "resolved": "https://registry.npmjs.org/@vue/compiler-ssr/-/compiler-ssr-3.2.31.tgz",
      "integrity": "sha512-mjN0rqig+A8TVDnsGPYJM5dpbjlXeHUm2oZHZwGyMYiGT/F4fhJf/cXy8QpjnLQK4Y9Et4GWzHn9PS8AHUnSkw==",
      "peer": true,
      "dependencies": {
        "@vue/compiler-dom": "3.2.31",
        "@vue/shared": "3.2.31"
      }
    },
    "node_modules/@vue/devtools-api": {
      "version": "6.0.12",
      "resolved": "https://registry.npmjs.org/@vue/devtools-api/-/devtools-api-6.0.12.tgz",
      "integrity": "sha512-iO/4FIezHKXhiDBdKySCvJVh8/mZPxHpiQrTy+PXVqJZgpTPTdHy4q8GXulaY+UKEagdkBb0onxNQZ0LNiqVhw=="
    },
    "node_modules/@vue/reactivity": {
      "version": "3.2.31",
      "resolved": "https://registry.npmjs.org/@vue/reactivity/-/reactivity-3.2.31.tgz",
      "integrity": "sha512-HVr0l211gbhpEKYr2hYe7hRsV91uIVGFYNHj73njbARVGHQvIojkImKMaZNDdoDZOIkMsBc9a1sMqR+WZwfSCw==",
      "peer": true,
      "dependencies": {
        "@vue/shared": "3.2.31"
      }
    },
    "node_modules/@vue/reactivity-transform": {
      "version": "3.2.31",
      "resolved": "https://registry.npmjs.org/@vue/reactivity-transform/-/reactivity-transform-3.2.31.tgz",
      "integrity": "sha512-uS4l4z/W7wXdI+Va5pgVxBJ345wyGFKvpPYtdSgvfJfX/x2Ymm6ophQlXXB6acqGHtXuBqNyyO3zVp9b1r0MOA==",
      "peer": true,
      "dependencies": {
        "@babel/parser": "^7.16.4",
        "@vue/compiler-core": "3.2.31",
        "@vue/shared": "3.2.31",
        "estree-walker": "^2.0.2",
        "magic-string": "^0.25.7"
      }
    },
    "node_modules/@vue/runtime-core": {
      "version": "3.2.31",
      "resolved": "https://registry.npmjs.org/@vue/runtime-core/-/runtime-core-3.2.31.tgz",
      "integrity": "sha512-Kcog5XmSY7VHFEMuk4+Gap8gUssYMZ2+w+cmGI6OpZWYOEIcbE0TPzzPHi+8XTzAgx1w/ZxDFcXhZeXN5eKWsA==",
      "peer": true,
      "dependencies": {
        "@vue/reactivity": "3.2.31",
        "@vue/shared": "3.2.31"
      }
    },
    "node_modules/@vue/runtime-dom": {
      "version": "3.2.31",
      "resolved": "https://registry.npmjs.org/@vue/runtime-dom/-/runtime-dom-3.2.31.tgz",
      "integrity": "sha512-N+o0sICVLScUjfLG7u9u5XCjvmsexAiPt17GNnaWHJUfsKed5e85/A3SWgKxzlxx2SW/Hw7RQxzxbXez9PtY3g==",
      "peer": true,
      "dependencies": {
        "@vue/runtime-core": "3.2.31",
        "@vue/shared": "3.2.31",
        "csstype": "^2.6.8"
      }
    },
    "node_modules/@vue/server-renderer": {
      "version": "3.2.31",
      "resolved": "https://registry.npmjs.org/@vue/server-renderer/-/server-renderer-3.2.31.tgz",
      "integrity": "sha512-8CN3Zj2HyR2LQQBHZ61HexF5NReqngLT3oahyiVRfSSvak+oAvVmu8iNLSu6XR77Ili2AOpnAt1y8ywjjqtmkg==",
      "peer": true,
      "dependencies": {
        "@vue/compiler-ssr": "3.2.31",
        "@vue/shared": "3.2.31"
      },
      "peerDependencies": {
        "vue": "3.2.31"
      }
    },
    "node_modules/@vue/shared": {
      "version": "3.2.31",
      "resolved": "https://registry.npmjs.org/@vue/shared/-/shared-3.2.31.tgz",
      "integrity": "sha512-ymN2pj6zEjiKJZbrf98UM2pfDd6F2H7ksKw7NDt/ZZ1fh5Ei39X5tABugtT03ZRlWd9imccoK0hE8hpjpU7irQ==",
      "peer": true
    },
    "node_modules/ansi-regex": {
      "version": "5.0.1",
      "resolved": "https://registry.npmjs.org/ansi-regex/-/ansi-regex-5.0.1.tgz",
      "integrity": "sha512-quJQXlTSUGL2LH9SUXo8VwsY4soanhgo6LNSm84E1LBcE8s3O0wpdiRzyR9z/ZZJMlMWv37qOOb9pdJlMUEKFQ==",
      "engines": {
        "node": ">=8"
      }
    },
    "node_modules/ansi-styles": {
      "version": "4.3.0",
      "resolved": "https://registry.npmjs.org/ansi-styles/-/ansi-styles-4.3.0.tgz",
      "integrity": "sha512-zbB9rCJAT1rbjiVDb2hqKFHNYLxgtk8NURxZ3IZwD3F6NtxbXZQCnnSi1Lkx+IDohdPlFp222wVALIheZJQSEg==",
      "dependencies": {
        "color-convert": "^2.0.1"
      },
      "engines": {
        "node": ">=8"
      },
      "funding": {
        "url": "https://github.com/chalk/ansi-styles?sponsor=1"
      }
    },
    "node_modules/chalk": {
      "version": "4.1.2",
      "resolved": "https://registry.npmjs.org/chalk/-/chalk-4.1.2.tgz",
      "integrity": "sha512-oKnbhFyRIXpUuez8iBMmyEa4nbj4IOQyuhc/wy9kY7/WVPcwIO9VA668Pu8RkO7+0G76SLROeyw9CpQ061i4mA==",
      "dependencies": {
        "ansi-styles": "^4.1.0",
        "supports-color": "^7.1.0"
      },
      "engines": {
        "node": ">=10"
      },
      "funding": {
        "url": "https://github.com/chalk/chalk?sponsor=1"
      }
    },
    "node_modules/chalk/node_modules/supports-color": {
      "version": "7.2.0",
      "resolved": "https://registry.npmjs.org/supports-color/-/supports-color-7.2.0.tgz",
      "integrity": "sha512-qpCAvRl9stuOHveKsn7HncJRvv501qIacKzQlO/+Lwxc9+0q2wLyv4Dfvt80/DPn2pqOBsJdDiogXGR9+OvwRw==",
      "dependencies": {
        "has-flag": "^4.0.0"
      },
      "engines": {
        "node": ">=8"
      }
    },
    "node_modules/cliui": {
      "version": "7.0.4",
      "resolved": "https://registry.npmjs.org/cliui/-/cliui-7.0.4.tgz",
      "integrity": "sha512-OcRE68cOsVMXp1Yvonl/fzkQOyjLSu/8bhPDfQt0e0/Eb283TKP20Fs2MqoPsr9SwA595rRCA+QMzYc9nBP+JQ==",
      "dependencies": {
        "string-width": "^4.2.0",
        "strip-ansi": "^6.0.0",
        "wrap-ansi": "^7.0.0"
      }
    },
    "node_modules/color-convert": {
      "version": "2.0.1",
      "resolved": "https://registry.npmjs.org/color-convert/-/color-convert-2.0.1.tgz",
      "integrity": "sha512-RRECPsj7iu/xb5oKYcsFHSppFNnsj/52OVTRKb4zP5onXwVF3zVmmToNcOfGC+CRDpfK/U584fMg38ZHCaElKQ==",
      "dependencies": {
        "color-name": "~1.1.4"
      },
      "engines": {
        "node": ">=7.0.0"
      }
    },
    "node_modules/color-name": {
      "version": "1.1.4",
      "resolved": "https://registry.npmjs.org/color-name/-/color-name-1.1.4.tgz",
      "integrity": "sha512-dOy+3AuW3a2wNbZHIuMZpTcgjGuLU/uBL/ubcZF9OXbDo8ff4O8yVp5Bf0efS8uEoYo5q4Fx7dY9OgQGXgAsQA=="
    },
    "node_modules/concurrently": {
      "version": "7.0.0",
      "resolved": "https://registry.npmjs.org/concurrently/-/concurrently-7.0.0.tgz",
      "integrity": "sha512-WKM7PUsI8wyXpF80H+zjHP32fsgsHNQfPLw/e70Z5dYkV7hF+rf8q3D+ScWJIEr57CpkO3OWBko6hwhQLPR8Pw==",
      "dependencies": {
        "chalk": "^4.1.0",
        "date-fns": "^2.16.1",
        "lodash": "^4.17.21",
        "rxjs": "^6.6.3",
        "spawn-command": "^0.0.2-1",
        "supports-color": "^8.1.0",
        "tree-kill": "^1.2.2",
        "yargs": "^16.2.0"
      },
      "bin": {
        "concurrently": "dist/bin/concurrently.js"
      },
      "engines": {
        "node": "^12.20.0 || ^14.13.0 || >=16.0.0"
      }
    },
    "node_modules/csstype": {
      "version": "2.6.19",
      "resolved": "https://registry.npmjs.org/csstype/-/csstype-2.6.19.tgz",
      "integrity": "sha512-ZVxXaNy28/k3kJg0Fou5MiYpp88j7H9hLZp8PDC3jV0WFjfH5E9xHb56L0W59cPbKbcHXeP4qyT8PrHp8t6LcQ==",
      "peer": true
    },
    "node_modules/date-fns": {
      "version": "2.28.0",
      "resolved": "https://registry.npmjs.org/date-fns/-/date-fns-2.28.0.tgz",
      "integrity": "sha512-8d35hViGYx/QH0icHYCeLmsLmMUheMmTyV9Fcm6gvNwdw31yXXH+O85sOBJ+OLnLQMKZowvpKb6FgMIQjcpvQw==",
      "engines": {
        "node": ">=0.11"
      },
      "funding": {
        "type": "opencollective",
        "url": "https://opencollective.com/date-fns"
      }
    },
    "node_modules/emoji-regex": {
      "version": "8.0.0",
      "resolved": "https://registry.npmjs.org/emoji-regex/-/emoji-regex-8.0.0.tgz",
      "integrity": "sha512-MSjYzcWNOA0ewAHpz0MxpYFvwg6yjy1NG3xteoqz644VCo/RPgnr1/GGt+ic3iJTzQ8Eu3TdM14SawnVUmGE6A=="
    },
    "node_modules/escalade": {
      "version": "3.1.1",
      "resolved": "https://registry.npmjs.org/escalade/-/escalade-3.1.1.tgz",
      "integrity": "sha512-k0er2gUkLf8O0zKJiAhmkTnJlTvINGv7ygDNPbeIsX/TJjGJZHuh9B2UxbsaEkmlEo9MfhrSzmhIlhRlI2GXnw==",
      "engines": {
        "node": ">=6"
      }
    },
    "node_modules/estree-walker": {
      "version": "2.0.2",
      "resolved": "https://registry.npmjs.org/estree-walker/-/estree-walker-2.0.2.tgz",
      "integrity": "sha512-Rfkk/Mp/DL7JVje3u18FxFujQlTNR2q6QfMSMB7AvCBx91NGj/ba3kCfza0f6dVDbw7YlRf/nDrn7pQrCCyQ/w==",
      "peer": true
    },
    "node_modules/get-caller-file": {
      "version": "2.0.5",
      "resolved": "https://registry.npmjs.org/get-caller-file/-/get-caller-file-2.0.5.tgz",
      "integrity": "sha512-DyFP3BM/3YHTQOCUL/w0OZHR0lpKeGrxotcHWcqNEdnltqFwXVfhEBQ94eIo34AfQpo0rGki4cyIiftY06h2Fg==",
      "engines": {
        "node": "6.* || 8.* || >= 10.*"
      }
    },
    "node_modules/has-flag": {
      "version": "4.0.0",
      "resolved": "https://registry.npmjs.org/has-flag/-/has-flag-4.0.0.tgz",
      "integrity": "sha512-EykJT/Q1KjTWctppgIAgfSO0tKVuZUjhgMr17kqTumMl6Afv3EISleU7qZUzoXDFTAHTDC4NOoG/ZxU3EvlMPQ==",
      "engines": {
        "node": ">=8"
      }
    },
    "node_modules/is-fullwidth-code-point": {
      "version": "3.0.0",
      "resolved": "https://registry.npmjs.org/is-fullwidth-code-point/-/is-fullwidth-code-point-3.0.0.tgz",
      "integrity": "sha512-zymm5+u+sCsSWyD9qNaejV3DFvhCKclKdizYaJUuHA83RLjb7nSuGnddCHGv0hk+KY7BMAlsWeK4Ueg6EV6XQg==",
      "engines": {
        "node": ">=8"
      }
    },
    "node_modules/lodash": {
      "version": "4.17.21",
      "resolved": "https://registry.npmjs.org/lodash/-/lodash-4.17.21.tgz",
      "integrity": "sha512-v2kDEe57lecTulaDIuNTPy3Ry4gLGJ6Z1O3vE1krgXZNrsQ+LFTGHVxVjcXPs17LhbZVGedAJv8XZ1tvj5FvSg=="
    },
    "node_modules/magic-string": {
      "version": "0.25.7",
      "resolved": "https://registry.npmjs.org/magic-string/-/magic-string-0.25.7.tgz",
      "integrity": "sha512-4CrMT5DOHTDk4HYDlzmwu4FVCcIYI8gauveasrdCu2IKIFOJ3f0v/8MDGJCDL9oD2ppz/Av1b0Nj345H9M+XIA==",
      "peer": true,
      "dependencies": {
        "sourcemap-codec": "^1.4.4"
      }
    },
    "node_modules/nanoid": {
      "version": "3.3.1",
      "resolved": "https://registry.npmjs.org/nanoid/-/nanoid-3.3.1.tgz",
      "integrity": "sha512-n6Vs/3KGyxPQd6uO0eH4Bv0ojGSUvuLlIHtC3Y0kEO23YRge8H9x1GCzLn28YX0H66pMkxuaeESFq4tKISKwdw==",
      "peer": true,
      "bin": {
        "nanoid": "bin/nanoid.cjs"
      },
      "engines": {
        "node": "^10 || ^12 || ^13.7 || ^14 || >=15.0.1"
      }
    },
    "node_modules/picocolors": {
      "version": "1.0.0",
      "resolved": "https://registry.npmjs.org/picocolors/-/picocolors-1.0.0.tgz",
      "integrity": "sha512-1fygroTLlHu66zi26VoTDv8yRgm0Fccecssto+MhsZ0D/DGW2sm8E8AjW7NU5VVTRt5GxbeZ5qBuJr+HyLYkjQ==",
      "peer": true
    },
    "node_modules/postcss": {
      "version": "8.4.6",
      "resolved": "https://registry.npmjs.org/postcss/-/postcss-8.4.6.tgz",
      "integrity": "sha512-OovjwIzs9Te46vlEx7+uXB0PLijpwjXGKXjVGGPIGubGpq7uh5Xgf6D6FiJ/SzJMBosHDp6a2hiXOS97iBXcaA==",
      "peer": true,
      "dependencies": {
        "nanoid": "^3.2.0",
        "picocolors": "^1.0.0",
        "source-map-js": "^1.0.2"
      },
      "engines": {
        "node": "^10 || ^12 || >=14"
      },
      "funding": {
        "type": "opencollective",
        "url": "https://opencollective.com/postcss/"
      }
    },
    "node_modules/require-directory": {
      "version": "2.1.1",
      "resolved": "https://registry.npmjs.org/require-directory/-/require-directory-2.1.1.tgz",
      "integrity": "sha1-jGStX9MNqxyXbiNE/+f3kqam30I=",
      "engines": {
        "node": ">=0.10.0"
      }
    },
    "node_modules/rxjs": {
      "version": "6.6.7",
      "resolved": "https://registry.npmjs.org/rxjs/-/rxjs-6.6.7.tgz",
      "integrity": "sha512-hTdwr+7yYNIT5n4AMYp85KA6yw2Va0FLa3Rguvbpa4W3I5xynaBZo41cM3XM+4Q6fRMj3sBYIR1VAmZMXYJvRQ==",
      "dependencies": {
        "tslib": "^1.9.0"
      },
      "engines": {
        "npm": ">=2.0.0"
      }
    },
    "node_modules/source-map": {
      "version": "0.6.1",
      "resolved": "https://registry.npmjs.org/source-map/-/source-map-0.6.1.tgz",
      "integrity": "sha512-UjgapumWlbMhkBgzT7Ykc5YXUT46F0iKu8SGXq0bcwP5dz/h0Plj6enJqjz1Zbq2l5WaqYnrVbwWOWMyF3F47g==",
      "peer": true,
      "engines": {
        "node": ">=0.10.0"
      }
    },
    "node_modules/source-map-js": {
      "version": "1.0.2",
      "resolved": "https://registry.npmjs.org/source-map-js/-/source-map-js-1.0.2.tgz",
      "integrity": "sha512-R0XvVJ9WusLiqTCEiGCmICCMplcCkIwwR11mOSD9CR5u+IXYdiseeEuXCVAjS54zqwkLcPNnmU4OeJ6tUrWhDw==",
      "peer": true,
      "engines": {
        "node": ">=0.10.0"
      }
    },
    "node_modules/sourcemap-codec": {
      "version": "1.4.8",
      "resolved": "https://registry.npmjs.org/sourcemap-codec/-/sourcemap-codec-1.4.8.tgz",
      "integrity": "sha512-9NykojV5Uih4lgo5So5dtw+f0JgJX30KCNI8gwhz2J9A15wD0Ml6tjHKwf6fTSa6fAdVBdZeNOs9eJ71qCk8vA==",
      "peer": true
    },
    "node_modules/spawn-command": {
      "version": "0.0.2-1",
      "resolved": "https://registry.npmjs.org/spawn-command/-/spawn-command-0.0.2-1.tgz",
      "integrity": "sha1-YvXpRmmBwbeW3Fkpk34RycaSG9A="
    },
    "node_modules/string-width": {
      "version": "4.2.3",
      "resolved": "https://registry.npmjs.org/string-width/-/string-width-4.2.3.tgz",
      "integrity": "sha512-wKyQRQpjJ0sIp62ErSZdGsjMJWsap5oRNihHhu6G7JVO/9jIB6UyevL+tXuOqrng8j/cxKTWyWUwvSTriiZz/g==",
      "dependencies": {
        "emoji-regex": "^8.0.0",
        "is-fullwidth-code-point": "^3.0.0",
        "strip-ansi": "^6.0.1"
      },
      "engines": {
        "node": ">=8"
      }
    },
    "node_modules/strip-ansi": {
      "version": "6.0.1",
      "resolved": "https://registry.npmjs.org/strip-ansi/-/strip-ansi-6.0.1.tgz",
      "integrity": "sha512-Y38VPSHcqkFrCpFnQ9vuSXmquuv5oXOKpGeT6aGrr3o3Gc9AlVa6JBfUSOCnbxGGZF+/0ooI7KrPuUSztUdU5A==",
      "dependencies": {
        "ansi-regex": "^5.0.1"
      },
      "engines": {
        "node": ">=8"
      }
    },
    "node_modules/supports-color": {
      "version": "8.1.1",
      "resolved": "https://registry.npmjs.org/supports-color/-/supports-color-8.1.1.tgz",
      "integrity": "sha512-MpUEN2OodtUzxvKQl72cUF7RQ5EiHsGvSsVG0ia9c5RbWGL2CI4C7EpPS8UTBIplnlzZiNuV56w+FuNxy3ty2Q==",
      "dependencies": {
        "has-flag": "^4.0.0"
      },
      "engines": {
        "node": ">=10"
      },
      "funding": {
        "url": "https://github.com/chalk/supports-color?sponsor=1"
      }
    },
    "node_modules/tree-kill": {
      "version": "1.2.2",
      "resolved": "https://registry.npmjs.org/tree-kill/-/tree-kill-1.2.2.tgz",
      "integrity": "sha512-L0Orpi8qGpRG//Nd+H90vFB+3iHnue1zSSGmNOOCh1GLJ7rUKVwV2HvijphGQS2UmhUZewS9VgvxYIdgr+fG1A==",
      "bin": {
        "tree-kill": "cli.js"
      }
    },
    "node_modules/tslib": {
      "version": "1.14.1",
      "resolved": "https://registry.npmjs.org/tslib/-/tslib-1.14.1.tgz",
      "integrity": "sha512-Xni35NKzjgMrwevysHTCArtLDpPvye8zV/0E4EyYn43P7/7qvQwPh9BGkHewbMulVntbigmcT7rdX3BNo9wRJg=="
    },
    "node_modules/vue": {
      "version": "3.2.31",
      "resolved": "https://registry.npmjs.org/vue/-/vue-3.2.31.tgz",
      "integrity": "sha512-odT3W2tcffTiQCy57nOT93INw1auq5lYLLYtWpPYQQYQOOdHiqFct9Xhna6GJ+pJQaF67yZABraH47oywkJgFw==",
      "peer": true,
      "dependencies": {
        "@vue/compiler-dom": "3.2.31",
        "@vue/compiler-sfc": "3.2.31",
        "@vue/runtime-dom": "3.2.31",
        "@vue/server-renderer": "3.2.31",
        "@vue/shared": "3.2.31"
      }
    },
    "node_modules/vue-router": {
      "version": "4.0.12",
      "resolved": "https://registry.npmjs.org/vue-router/-/vue-router-4.0.12.tgz",
      "integrity": "sha512-CPXvfqe+mZLB1kBWssssTiWg4EQERyqJZes7USiqfW9B5N2x+nHlnsM1D3b5CaJ6qgCvMmYJnz+G0iWjNCvXrg==",
      "dependencies": {
        "@vue/devtools-api": "^6.0.0-beta.18"
      },
      "peerDependencies": {
        "vue": "^3.0.0"
      }
    },
    "node_modules/wrap-ansi": {
      "version": "7.0.0",
      "resolved": "https://registry.npmjs.org/wrap-ansi/-/wrap-ansi-7.0.0.tgz",
      "integrity": "sha512-YVGIj2kamLSTxw6NsZjoBxfSwsn0ycdesmc4p+Q21c5zPuZ1pl+NfxVdxPtdHvmNVOQ6XSYG4AUtyt/Fi7D16Q==",
      "dependencies": {
        "ansi-styles": "^4.0.0",
        "string-width": "^4.1.0",
        "strip-ansi": "^6.0.0"
      },
      "engines": {
        "node": ">=10"
      },
      "funding": {
        "url": "https://github.com/chalk/wrap-ansi?sponsor=1"
      }
    },
    "node_modules/y18n": {
      "version": "5.0.8",
      "resolved": "https://registry.npmjs.org/y18n/-/y18n-5.0.8.tgz",
      "integrity": "sha512-0pfFzegeDWJHJIAmTLRP2DwHjdF5s7jo9tuztdQxAhINCdvS+3nGINqPd00AphqJR/0LhANUS6/+7SCb98YOfA==",
      "engines": {
        "node": ">=10"
      }
    },
    "node_modules/yargs": {
      "version": "16.2.0",
      "resolved": "https://registry.npmjs.org/yargs/-/yargs-16.2.0.tgz",
      "integrity": "sha512-D1mvvtDG0L5ft/jGWkLpG1+m0eQxOfaBvTNELraWj22wSVUMWxZUvYgJYcKh6jGGIkJFhH4IZPQhR4TKpc8mBw==",
      "dependencies": {
        "cliui": "^7.0.2",
        "escalade": "^3.1.1",
        "get-caller-file": "^2.0.5",
        "require-directory": "^2.1.1",
        "string-width": "^4.2.0",
        "y18n": "^5.0.5",
        "yargs-parser": "^20.2.2"
      },
      "engines": {
        "node": ">=10"
      }
    },
    "node_modules/yargs-parser": {
      "version": "20.2.9",
      "resolved": "https://registry.npmjs.org/yargs-parser/-/yargs-parser-20.2.9.tgz",
      "integrity": "sha512-y11nGElTIV+CT3Zv9t7VKl+Q3hTQoT9a1Qzezhhl6Rp21gJ/IVTW7Z3y9EWXhuUBC2Shnf+DX0antecpAwSP8w==",
      "engines": {
        "node": ">=10"
      }
    }
  },
  "dependencies": {
    "@babel/parser": {
      "version": "7.17.3",
      "resolved": "https://registry.npmjs.org/@babel/parser/-/parser-7.17.3.tgz",
      "integrity": "sha512-7yJPvPV+ESz2IUTPbOL+YkIGyCqOyNIzdguKQuJGnH7bg1WTIifuM21YqokFt/THWh1AkCRn9IgoykTRCBVpzA==",
      "peer": true
    },
    "@vue/compiler-core": {
      "version": "3.2.31",
      "resolved": "https://registry.npmjs.org/@vue/compiler-core/-/compiler-core-3.2.31.tgz",
      "integrity": "sha512-aKno00qoA4o+V/kR6i/pE+aP+esng5siNAVQ422TkBNM6qA4veXiZbSe8OTXHXquEi/f6Akc+nLfB4JGfe4/WQ==",
      "peer": true,
      "requires": {
        "@babel/parser": "^7.16.4",
        "@vue/shared": "3.2.31",
        "estree-walker": "^2.0.2",
        "source-map": "^0.6.1"
      }
    },
    "@vue/compiler-dom": {
      "version": "3.2.31",
      "resolved": "https://registry.npmjs.org/@vue/compiler-dom/-/compiler-dom-3.2.31.tgz",
      "integrity": "sha512-60zIlFfzIDf3u91cqfqy9KhCKIJgPeqxgveH2L+87RcGU/alT6BRrk5JtUso0OibH3O7NXuNOQ0cDc9beT0wrg==",
      "peer": true,
      "requires": {
        "@vue/compiler-core": "3.2.31",
        "@vue/shared": "3.2.31"
      }
    },
    "@vue/compiler-sfc": {
      "version": "3.2.31",
      "resolved": "https://registry.npmjs.org/@vue/compiler-sfc/-/compiler-sfc-3.2.31.tgz",
      "integrity": "sha512-748adc9msSPGzXgibHiO6T7RWgfnDcVQD+VVwYgSsyyY8Ans64tALHZANrKtOzvkwznV/F4H7OAod/jIlp/dkQ==",
      "peer": true,
      "requires": {
        "@babel/parser": "^7.16.4",
        "@vue/compiler-core": "3.2.31",
        "@vue/compiler-dom": "3.2.31",
        "@vue/compiler-ssr": "3.2.31",
        "@vue/reactivity-transform": "3.2.31",
        "@vue/shared": "3.2.31",
        "estree-walker": "^2.0.2",
        "magic-string": "^0.25.7",
        "postcss": "^8.1.10",
        "source-map": "^0.6.1"
      }
    },
    "@vue/compiler-ssr": {
      "version": "3.2.31",
      "resolved": "https://registry.npmjs.org/@vue/compiler-ssr/-/compiler-ssr-3.2.31.tgz",
      "integrity": "sha512-mjN0rqig+A8TVDnsGPYJM5dpbjlXeHUm2oZHZwGyMYiGT/F4fhJf/cXy8QpjnLQK4Y9Et4GWzHn9PS8AHUnSkw==",
      "peer": true,
      "requires": {
        "@vue/compiler-dom": "3.2.31",
        "@vue/shared": "3.2.31"
      }
    },
    "@vue/devtools-api": {
      "version": "6.0.12",
      "resolved": "https://registry.npmjs.org/@vue/devtools-api/-/devtools-api-6.0.12.tgz",
      "integrity": "sha512-iO/4FIezHKXhiDBdKySCvJVh8/mZPxHpiQrTy+PXVqJZgpTPTdHy4q8GXulaY+UKEagdkBb0onxNQZ0LNiqVhw=="
    },
    "@vue/reactivity": {
      "version": "3.2.31",
      "resolved": "https://registry.npmjs.org/@vue/reactivity/-/reactivity-3.2.31.tgz",
      "integrity": "sha512-HVr0l211gbhpEKYr2hYe7hRsV91uIVGFYNHj73njbARVGHQvIojkImKMaZNDdoDZOIkMsBc9a1sMqR+WZwfSCw==",
      "peer": true,
      "requires": {
        "@vue/shared": "3.2.31"
      }
    },
    "@vue/reactivity-transform": {
      "version": "3.2.31",
      "resolved": "https://registry.npmjs.org/@vue/reactivity-transform/-/reactivity-transform-3.2.31.tgz",
      "integrity": "sha512-uS4l4z/W7wXdI+Va5pgVxBJ345wyGFKvpPYtdSgvfJfX/x2Ymm6ophQlXXB6acqGHtXuBqNyyO3zVp9b1r0MOA==",
      "peer": true,
      "requires": {
        "@babel/parser": "^7.16.4",
        "@vue/compiler-core": "3.2.31",
        "@vue/shared": "3.2.31",
        "estree-walker": "^2.0.2",
        "magic-string": "^0.25.7"
      }
    },
    "@vue/runtime-core": {
      "version": "3.2.31",
      "resolved": "https://registry.npmjs.org/@vue/runtime-core/-/runtime-core-3.2.31.tgz",
      "integrity": "sha512-Kcog5XmSY7VHFEMuk4+Gap8gUssYMZ2+w+cmGI6OpZWYOEIcbE0TPzzPHi+8XTzAgx1w/ZxDFcXhZeXN5eKWsA==",
      "peer": true,
      "requires": {
        "@vue/reactivity": "3.2.31",
        "@vue/shared": "3.2.31"
      }
    },
    "@vue/runtime-dom": {
      "version": "3.2.31",
      "resolved": "https://registry.npmjs.org/@vue/runtime-dom/-/runtime-dom-3.2.31.tgz",
      "integrity": "sha512-N+o0sICVLScUjfLG7u9u5XCjvmsexAiPt17GNnaWHJUfsKed5e85/A3SWgKxzlxx2SW/Hw7RQxzxbXez9PtY3g==",
      "peer": true,
      "requires": {
        "@vue/runtime-core": "3.2.31",
        "@vue/shared": "3.2.31",
        "csstype": "^2.6.8"
      }
    },
    "@vue/server-renderer": {
      "version": "3.2.31",
      "resolved": "https://registry.npmjs.org/@vue/server-renderer/-/server-renderer-3.2.31.tgz",
      "integrity": "sha512-8CN3Zj2HyR2LQQBHZ61HexF5NReqngLT3oahyiVRfSSvak+oAvVmu8iNLSu6XR77Ili2AOpnAt1y8ywjjqtmkg==",
      "peer": true,
      "requires": {
        "@vue/compiler-ssr": "3.2.31",
        "@vue/shared": "3.2.31"
      }
    },
    "@vue/shared": {
      "version": "3.2.31",
      "resolved": "https://registry.npmjs.org/@vue/shared/-/shared-3.2.31.tgz",
      "integrity": "sha512-ymN2pj6zEjiKJZbrf98UM2pfDd6F2H7ksKw7NDt/ZZ1fh5Ei39X5tABugtT03ZRlWd9imccoK0hE8hpjpU7irQ==",
      "peer": true
    },
    "ansi-regex": {
      "version": "5.0.1",
      "resolved": "https://registry.npmjs.org/ansi-regex/-/ansi-regex-5.0.1.tgz",
      "integrity": "sha512-quJQXlTSUGL2LH9SUXo8VwsY4soanhgo6LNSm84E1LBcE8s3O0wpdiRzyR9z/ZZJMlMWv37qOOb9pdJlMUEKFQ=="
    },
    "ansi-styles": {
      "version": "4.3.0",
      "resolved": "https://registry.npmjs.org/ansi-styles/-/ansi-styles-4.3.0.tgz",
      "integrity": "sha512-zbB9rCJAT1rbjiVDb2hqKFHNYLxgtk8NURxZ3IZwD3F6NtxbXZQCnnSi1Lkx+IDohdPlFp222wVALIheZJQSEg==",
      "requires": {
        "color-convert": "^2.0.1"
      }
    },
    "chalk": {
      "version": "4.1.2",
      "resolved": "https://registry.npmjs.org/chalk/-/chalk-4.1.2.tgz",
      "integrity": "sha512-oKnbhFyRIXpUuez8iBMmyEa4nbj4IOQyuhc/wy9kY7/WVPcwIO9VA668Pu8RkO7+0G76SLROeyw9CpQ061i4mA==",
      "requires": {
        "ansi-styles": "^4.1.0",
        "supports-color": "^7.1.0"
      },
      "dependencies": {
        "supports-color": {
          "version": "7.2.0",
          "resolved": "https://registry.npmjs.org/supports-color/-/supports-color-7.2.0.tgz",
          "integrity": "sha512-qpCAvRl9stuOHveKsn7HncJRvv501qIacKzQlO/+Lwxc9+0q2wLyv4Dfvt80/DPn2pqOBsJdDiogXGR9+OvwRw==",
          "requires": {
            "has-flag": "^4.0.0"
          }
        }
      }
    },
    "cliui": {
      "version": "7.0.4",
      "resolved": "https://registry.npmjs.org/cliui/-/cliui-7.0.4.tgz",
      "integrity": "sha512-OcRE68cOsVMXp1Yvonl/fzkQOyjLSu/8bhPDfQt0e0/Eb283TKP20Fs2MqoPsr9SwA595rRCA+QMzYc9nBP+JQ==",
      "requires": {
        "string-width": "^4.2.0",
        "strip-ansi": "^6.0.0",
        "wrap-ansi": "^7.0.0"
      }
    },
    "color-convert": {
      "version": "2.0.1",
      "resolved": "https://registry.npmjs.org/color-convert/-/color-convert-2.0.1.tgz",
      "integrity": "sha512-RRECPsj7iu/xb5oKYcsFHSppFNnsj/52OVTRKb4zP5onXwVF3zVmmToNcOfGC+CRDpfK/U584fMg38ZHCaElKQ==",
      "requires": {
        "color-name": "~1.1.4"
      }
    },
    "color-name": {
      "version": "1.1.4",
      "resolved": "https://registry.npmjs.org/color-name/-/color-name-1.1.4.tgz",
      "integrity": "sha512-dOy+3AuW3a2wNbZHIuMZpTcgjGuLU/uBL/ubcZF9OXbDo8ff4O8yVp5Bf0efS8uEoYo5q4Fx7dY9OgQGXgAsQA=="
    },
    "concurrently": {
      "version": "7.0.0",
      "resolved": "https://registry.npmjs.org/concurrently/-/concurrently-7.0.0.tgz",
      "integrity": "sha512-WKM7PUsI8wyXpF80H+zjHP32fsgsHNQfPLw/e70Z5dYkV7hF+rf8q3D+ScWJIEr57CpkO3OWBko6hwhQLPR8Pw==",
      "requires": {
        "chalk": "^4.1.0",
        "date-fns": "^2.16.1",
        "lodash": "^4.17.21",
        "rxjs": "^6.6.3",
        "spawn-command": "^0.0.2-1",
        "supports-color": "^8.1.0",
        "tree-kill": "^1.2.2",
        "yargs": "^16.2.0"
      }
    },
    "csstype": {
      "version": "2.6.19",
      "resolved": "https://registry.npmjs.org/csstype/-/csstype-2.6.19.tgz",
      "integrity": "sha512-ZVxXaNy28/k3kJg0Fou5MiYpp88j7H9hLZp8PDC3jV0WFjfH5E9xHb56L0W59cPbKbcHXeP4qyT8PrHp8t6LcQ==",
      "peer": true
    },
    "date-fns": {
      "version": "2.28.0",
      "resolved": "https://registry.npmjs.org/date-fns/-/date-fns-2.28.0.tgz",
      "integrity": "sha512-8d35hViGYx/QH0icHYCeLmsLmMUheMmTyV9Fcm6gvNwdw31yXXH+O85sOBJ+OLnLQMKZowvpKb6FgMIQjcpvQw=="
    },
    "emoji-regex": {
      "version": "8.0.0",
      "resolved": "https://registry.npmjs.org/emoji-regex/-/emoji-regex-8.0.0.tgz",
      "integrity": "sha512-MSjYzcWNOA0ewAHpz0MxpYFvwg6yjy1NG3xteoqz644VCo/RPgnr1/GGt+ic3iJTzQ8Eu3TdM14SawnVUmGE6A=="
    },
    "escalade": {
      "version": "3.1.1",
      "resolved": "https://registry.npmjs.org/escalade/-/escalade-3.1.1.tgz",
      "integrity": "sha512-k0er2gUkLf8O0zKJiAhmkTnJlTvINGv7ygDNPbeIsX/TJjGJZHuh9B2UxbsaEkmlEo9MfhrSzmhIlhRlI2GXnw=="
    },
    "estree-walker": {
      "version": "2.0.2",
      "resolved": "https://registry.npmjs.org/estree-walker/-/estree-walker-2.0.2.tgz",
      "integrity": "sha512-Rfkk/Mp/DL7JVje3u18FxFujQlTNR2q6QfMSMB7AvCBx91NGj/ba3kCfza0f6dVDbw7YlRf/nDrn7pQrCCyQ/w==",
      "peer": true
    },
    "get-caller-file": {
      "version": "2.0.5",
      "resolved": "https://registry.npmjs.org/get-caller-file/-/get-caller-file-2.0.5.tgz",
      "integrity": "sha512-DyFP3BM/3YHTQOCUL/w0OZHR0lpKeGrxotcHWcqNEdnltqFwXVfhEBQ94eIo34AfQpo0rGki4cyIiftY06h2Fg=="
    },
    "has-flag": {
      "version": "4.0.0",
      "resolved": "https://registry.npmjs.org/has-flag/-/has-flag-4.0.0.tgz",
      "integrity": "sha512-EykJT/Q1KjTWctppgIAgfSO0tKVuZUjhgMr17kqTumMl6Afv3EISleU7qZUzoXDFTAHTDC4NOoG/ZxU3EvlMPQ=="
    },
    "is-fullwidth-code-point": {
      "version": "3.0.0",
      "resolved": "https://registry.npmjs.org/is-fullwidth-code-point/-/is-fullwidth-code-point-3.0.0.tgz",
      "integrity": "sha512-zymm5+u+sCsSWyD9qNaejV3DFvhCKclKdizYaJUuHA83RLjb7nSuGnddCHGv0hk+KY7BMAlsWeK4Ueg6EV6XQg=="
    },
    "lodash": {
      "version": "4.17.21",
      "resolved": "https://registry.npmjs.org/lodash/-/lodash-4.17.21.tgz",
      "integrity": "sha512-v2kDEe57lecTulaDIuNTPy3Ry4gLGJ6Z1O3vE1krgXZNrsQ+LFTGHVxVjcXPs17LhbZVGedAJv8XZ1tvj5FvSg=="
    },
    "magic-string": {
      "version": "0.25.7",
      "resolved": "https://registry.npmjs.org/magic-string/-/magic-string-0.25.7.tgz",
      "integrity": "sha512-4CrMT5DOHTDk4HYDlzmwu4FVCcIYI8gauveasrdCu2IKIFOJ3f0v/8MDGJCDL9oD2ppz/Av1b0Nj345H9M+XIA==",
      "peer": true,
      "requires": {
        "sourcemap-codec": "^1.4.4"
      }
    },
    "nanoid": {
      "version": "3.3.1",
      "resolved": "https://registry.npmjs.org/nanoid/-/nanoid-3.3.1.tgz",
      "integrity": "sha512-n6Vs/3KGyxPQd6uO0eH4Bv0ojGSUvuLlIHtC3Y0kEO23YRge8H9x1GCzLn28YX0H66pMkxuaeESFq4tKISKwdw==",
      "peer": true
    },
    "picocolors": {
      "version": "1.0.0",
      "resolved": "https://registry.npmjs.org/picocolors/-/picocolors-1.0.0.tgz",
      "integrity": "sha512-1fygroTLlHu66zi26VoTDv8yRgm0Fccecssto+MhsZ0D/DGW2sm8E8AjW7NU5VVTRt5GxbeZ5qBuJr+HyLYkjQ==",
      "peer": true
    },
    "postcss": {
      "version": "8.4.6",
      "resolved": "https://registry.npmjs.org/postcss/-/postcss-8.4.6.tgz",
      "integrity": "sha512-OovjwIzs9Te46vlEx7+uXB0PLijpwjXGKXjVGGPIGubGpq7uh5Xgf6D6FiJ/SzJMBosHDp6a2hiXOS97iBXcaA==",
      "peer": true,
      "requires": {
        "nanoid": "^3.2.0",
        "picocolors": "^1.0.0",
        "source-map-js": "^1.0.2"
      }
    },
    "require-directory": {
      "version": "2.1.1",
      "resolved": "https://registry.npmjs.org/require-directory/-/require-directory-2.1.1.tgz",
      "integrity": "sha1-jGStX9MNqxyXbiNE/+f3kqam30I="
    },
    "rxjs": {
      "version": "6.6.7",
      "resolved": "https://registry.npmjs.org/rxjs/-/rxjs-6.6.7.tgz",
      "integrity": "sha512-hTdwr+7yYNIT5n4AMYp85KA6yw2Va0FLa3Rguvbpa4W3I5xynaBZo41cM3XM+4Q6fRMj3sBYIR1VAmZMXYJvRQ==",
      "requires": {
        "tslib": "^1.9.0"
      }
    },
    "source-map": {
      "version": "0.6.1",
      "resolved": "https://registry.npmjs.org/source-map/-/source-map-0.6.1.tgz",
      "integrity": "sha512-UjgapumWlbMhkBgzT7Ykc5YXUT46F0iKu8SGXq0bcwP5dz/h0Plj6enJqjz1Zbq2l5WaqYnrVbwWOWMyF3F47g==",
      "peer": true
    },
    "source-map-js": {
      "version": "1.0.2",
      "resolved": "https://registry.npmjs.org/source-map-js/-/source-map-js-1.0.2.tgz",
      "integrity": "sha512-R0XvVJ9WusLiqTCEiGCmICCMplcCkIwwR11mOSD9CR5u+IXYdiseeEuXCVAjS54zqwkLcPNnmU4OeJ6tUrWhDw==",
      "peer": true
    },
    "sourcemap-codec": {
      "version": "1.4.8",
      "resolved": "https://registry.npmjs.org/sourcemap-codec/-/sourcemap-codec-1.4.8.tgz",
      "integrity": "sha512-9NykojV5Uih4lgo5So5dtw+f0JgJX30KCNI8gwhz2J9A15wD0Ml6tjHKwf6fTSa6fAdVBdZeNOs9eJ71qCk8vA==",
      "peer": true
    },
    "spawn-command": {
      "version": "0.0.2-1",
      "resolved": "https://registry.npmjs.org/spawn-command/-/spawn-command-0.0.2-1.tgz",
      "integrity": "sha1-YvXpRmmBwbeW3Fkpk34RycaSG9A="
    },
    "string-width": {
      "version": "4.2.3",
      "resolved": "https://registry.npmjs.org/string-width/-/string-width-4.2.3.tgz",
      "integrity": "sha512-wKyQRQpjJ0sIp62ErSZdGsjMJWsap5oRNihHhu6G7JVO/9jIB6UyevL+tXuOqrng8j/cxKTWyWUwvSTriiZz/g==",
      "requires": {
        "emoji-regex": "^8.0.0",
        "is-fullwidth-code-point": "^3.0.0",
        "strip-ansi": "^6.0.1"
      }
    },
    "strip-ansi": {
      "version": "6.0.1",
      "resolved": "https://registry.npmjs.org/strip-ansi/-/strip-ansi-6.0.1.tgz",
      "integrity": "sha512-Y38VPSHcqkFrCpFnQ9vuSXmquuv5oXOKpGeT6aGrr3o3Gc9AlVa6JBfUSOCnbxGGZF+/0ooI7KrPuUSztUdU5A==",
      "requires": {
        "ansi-regex": "^5.0.1"
      }
    },
    "supports-color": {
      "version": "8.1.1",
      "resolved": "https://registry.npmjs.org/supports-color/-/supports-color-8.1.1.tgz",
      "integrity": "sha512-MpUEN2OodtUzxvKQl72cUF7RQ5EiHsGvSsVG0ia9c5RbWGL2CI4C7EpPS8UTBIplnlzZiNuV56w+FuNxy3ty2Q==",
      "requires": {
        "has-flag": "^4.0.0"
      }
    },
    "tree-kill": {
      "version": "1.2.2",
      "resolved": "https://registry.npmjs.org/tree-kill/-/tree-kill-1.2.2.tgz",
      "integrity": "sha512-L0Orpi8qGpRG//Nd+H90vFB+3iHnue1zSSGmNOOCh1GLJ7rUKVwV2HvijphGQS2UmhUZewS9VgvxYIdgr+fG1A=="
    },
    "tslib": {
      "version": "1.14.1",
      "resolved": "https://registry.npmjs.org/tslib/-/tslib-1.14.1.tgz",
      "integrity": "sha512-Xni35NKzjgMrwevysHTCArtLDpPvye8zV/0E4EyYn43P7/7qvQwPh9BGkHewbMulVntbigmcT7rdX3BNo9wRJg=="
    },
    "vue": {
      "version": "3.2.31",
      "resolved": "https://registry.npmjs.org/vue/-/vue-3.2.31.tgz",
      "integrity": "sha512-odT3W2tcffTiQCy57nOT93INw1auq5lYLLYtWpPYQQYQOOdHiqFct9Xhna6GJ+pJQaF67yZABraH47oywkJgFw==",
      "peer": true,
      "requires": {
        "@vue/compiler-dom": "3.2.31",
        "@vue/compiler-sfc": "3.2.31",
        "@vue/runtime-dom": "3.2.31",
        "@vue/server-renderer": "3.2.31",
        "@vue/shared": "3.2.31"
      }
    },
    "vue-router": {
      "version": "4.0.12",
      "resolved": "https://registry.npmjs.org/vue-router/-/vue-router-4.0.12.tgz",
      "integrity": "sha512-CPXvfqe+mZLB1kBWssssTiWg4EQERyqJZes7USiqfW9B5N2x+nHlnsM1D3b5CaJ6qgCvMmYJnz+G0iWjNCvXrg==",
      "requires": {
        "@vue/devtools-api": "^6.0.0-beta.18"
      }
    },
    "wrap-ansi": {
      "version": "7.0.0",
      "resolved": "https://registry.npmjs.org/wrap-ansi/-/wrap-ansi-7.0.0.tgz",
      "integrity": "sha512-YVGIj2kamLSTxw6NsZjoBxfSwsn0ycdesmc4p+Q21c5zPuZ1pl+NfxVdxPtdHvmNVOQ6XSYG4AUtyt/Fi7D16Q==",
      "requires": {
        "ansi-styles": "^4.0.0",
        "string-width": "^4.1.0",
        "strip-ansi": "^6.0.0"
      }
    },
    "y18n": {
      "version": "5.0.8",
      "resolved": "https://registry.npmjs.org/y18n/-/y18n-5.0.8.tgz",
      "integrity": "sha512-0pfFzegeDWJHJIAmTLRP2DwHjdF5s7jo9tuztdQxAhINCdvS+3nGINqPd00AphqJR/0LhANUS6/+7SCb98YOfA=="
    },
    "yargs": {
      "version": "16.2.0",
      "resolved": "https://registry.npmjs.org/yargs/-/yargs-16.2.0.tgz",
      "integrity": "sha512-D1mvvtDG0L5ft/jGWkLpG1+m0eQxOfaBvTNELraWj22wSVUMWxZUvYgJYcKh6jGGIkJFhH4IZPQhR4TKpc8mBw==",
      "requires": {
        "cliui": "^7.0.2",
        "escalade": "^3.1.1",
        "get-caller-file": "^2.0.5",
        "require-directory": "^2.1.1",
        "string-width": "^4.2.0",
        "y18n": "^5.0.5",
        "yargs-parser": "^20.2.2"
      }
    },
    "yargs-parser": {
      "version": "20.2.9",
      "resolved": "https://registry.npmjs.org/yargs-parser/-/yargs-parser-20.2.9.tgz",
      "integrity": "sha512-y11nGElTIV+CT3Zv9t7VKl+Q3hTQoT9a1Qzezhhl6Rp21gJ/IVTW7Z3y9EWXhuUBC2Shnf+DX0antecpAwSP8w=="
    }
  }
}
